
Microsoft Visual Studio Solution File, Format Version 12.00
# Visual Studio Version 17
VisualStudioVersion = 17.0.31903.59
MinimumVisualStudioVersion = 10.0.40219.1
Project("{FAE04EC0-301F-11D3-BF4B-00C04F79EFBC}") = "Drastic.LNPopupControllerSample.iOS", "Drastic.LNPopupControllerSample.iOS\Drastic.LNPopupControllerSample.iOS.csproj", "{C2A9C9B0-43EE-43F8-AB42-052F8350CA74}"
EndProject
Project("{FAE04EC0-301F-11D3-BF4B-00C04F79EFBC}") = "Drastic.LNPopupControllerSample", "Drastic.LNPopupControllerSample\Drastic.LNPopupControllerSample.csproj", "{3A5B1329-27B4-492D-BFFF-ED721133F168}"
EndProject
Project("{FAE04EC0-301F-11D3-BF4B-00C04F79EFBC}") = "Drastic.LNPopupControllerSample.Catalyst", "Drastic.LNPopupControllerSample.Catalyst\Drastic.LNPopupControllerSample.Catalyst.csproj", "{78DB3272-2830-4F58-9A0D-D85D7AFD3505}"
EndProject
Global
	GlobalSection(SolutionConfigurationPlatforms) = preSolution
		Debug|Any CPU = Debug|Any CPU
		Release|Any CPU = Release|Any CPU
	EndGlobalSection
	GlobalSection(SolutionProperties) = preSolution
		HideSolutionNode = FALSE
	EndGlobalSection
	GlobalSection(ProjectConfigurationPlatforms) = postSolution
		{C2A9C9B0-43EE-43F8-AB42-052F8350CA74}.Debug|Any CPU.ActiveCfg = Debug|Any CPU
		{C2A9C9B0-43EE-43F8-AB42-052F8350CA74}.Debug|Any CPU.Build.0 = Debug|Any CPU
		{C2A9C9B0-43EE-43F8-AB42-052F8350CA74}.Release|Any CPU.ActiveCfg = Release|Any CPU
		{C2A9C9B0-43EE-43F8-AB42-052F8350CA74}.Release|Any CPU.Build.0 = Release|Any CPU
		{3A5B1329-27B4-492D-BFFF-ED721133F168}.Debug|Any CPU.ActiveCfg = Debug|Any CPU
		{3A5B1329-27B4-492D-BFFF-ED721133F168}.Debug|Any CPU.Build.0 = Debug|Any CPU
		{3A5B1329-27B4-492D-BFFF-ED721133F168}.Release|Any CPU.ActiveCfg = Release|Any CPU
		{3A5B1329-27B4-492D-BFFF-ED721133F168}.Release|Any CPU.Build.0 = Release|Any CPU
		{78DB3272-2830-4F58-9A0D-D85D7AFD3505}.Debug|Any CPU.ActiveCfg = Debug|Any CPU
		{78DB3272-2830-4F58-9A0D-D85D7AFD3505}.Debug|Any CPU.Build.0 = Debug|Any CPU
		{78DB3272-2830-4F58-9A0D-D85D7AFD3505}.Release|Any CPU.ActiveCfg = Release|Any CPU
		{78DB3272-2830-4F58-9A0D-D85D7AFD3505}.Release|Any CPU.Build.0 = Release|Any CPU
	EndGlobalSection
EndGlobal
